
Microsoft Visual Studio Solution File, Format Version 12.00
# Visual Studio Version 17
VisualStudioVersion = 17.10.35027.167
MinimumVisualStudioVersion = 10.0.40219.1
Project("{FAE04EC0-301F-11D3-BF4B-00C04F79EFBC}") = "MedAgendaAPI", "MedAgendaAPI\MedAgendaAPI.csproj", "{16A03BB5-FD41-4E90-A406-E8E5EA06050E}"
EndProject
Global
	GlobalSection(SolutionConfigurationPlatforms) = preSolution
		Debug|Any CPU = Debug|Any CPU
		Release|Any CPU = Release|Any CPU
	EndGlobalSection
	GlobalSection(ProjectConfigurationPlatforms) = postSolution
		{16A03BB5-FD41-4E90-A406-E8E5EA06050E}.Debug|Any CPU.ActiveCfg = Debug|Any CPU
		{16A03BB5-FD41-4E90-A406-E8E5EA06050E}.Debug|Any CPU.Build.0 = Debug|Any CPU
		{16A03BB5-FD41-4E90-A406-E8E5EA06050E}.Release|Any CPU.ActiveCfg = Release|Any CPU
		{16A03BB5-FD41-4E90-A406-E8E5EA06050E}.Release|Any CPU.Build.0 = Release|Any CPU
	EndGlobalSection
	GlobalSection(SolutionProperties) = preSolution
		HideSolutionNode = FALSE
	EndGlobalSection
	GlobalSection(ExtensibilityGlobals) = postSolution
		SolutionGuid = {03EA9E2C-230A-4ECF-B294-39FC4F846ED7}
	EndGlobalSection
EndGlobal
